// !$*UTF8*$!
{
	archiveVersion = 1;
	classes = {
	};
	objectVersion = 50;
	objects = {

/* Begin PBXBuildFile section */
		04F6354A23C6524C00B24356 /* AppDelegate.swift in Sources */ = {isa = PBXBuildFile; fileRef = 04F6354923C6524C00B24356 /* AppDelegate.swift */; };
		04F6354C23C6524C00B24356 /* SceneDelegate.swift in Sources */ = {isa = PBXBuildFile; fileRef = 04F6354B23C6524C00B24356 /* SceneDelegate.swift */; };
		04F6354E23C6524C00B24356 /* ViewController.swift in Sources */ = {isa = PBXBuildFile; fileRef = 04F6354D23C6524C00B24356 /* ViewController.swift */; };
		04F6355123C6524C00B24356 /* Main.storyboard in Resources */ = {isa = PBXBuildFile; fileRef = 04F6354F23C6524C00B24356 /* Main.storyboard */; };
		04F6355323C6524D00B24356 /* Assets.xcassets in Resources */ = {isa = PBXBuildFile; fileRef = 04F6355223C6524D00B24356 /* Assets.xcassets */; };
		04F6355623C6524D00B24356 /* LaunchScreen.storyboard in Resources */ = {isa = PBXBuildFile; fileRef = 04F6355423C6524D00B24356 /* LaunchScreen.storyboard */; };
		04F6355E23C652A800B24356 /* TouchViewController.swift in Sources */ = {isa = PBXBuildFile; fileRef = 04F6355D23C652A800B24356 /* TouchViewController.swift */; };
		04F6356123C6533200B24356 /* LocalAuthentication.framework in Frameworks */ = {isa = PBXBuildFile; fileRef = 04F6356023C6533200B24356 /* LocalAuthentication.framework */; };
/* End PBXBuildFile section */

/* Begin PBXFileReference section */
		04F6354623C6524C00B24356 /* AuthenticateTouchID.Demo.app */ = {isa = PBXFileReference; explicitFileType = wrapper.application; includeInIndex = 0; path = AuthenticateTouchID.Demo.app; sourceTree = BUILT_PRODUCTS_DIR; };
		04F6354923C6524C00B24356 /* AppDelegate.swift */ = {isa = PBXFileReference; lastKnownFileType = sourcecode.swift; path = AppDelegate.swift; sourceTree = "<group>"; };
		04F6354B23C6524C00B24356 /* SceneDelegate.swift */ = {isa = PBXFileReference; lastKnownFileType = sourcecode.swift; path = SceneDelegate.swift; sourceTree = "<group>"; };
		04F6354D23C6524C00B24356 /* ViewController.swift */ = {isa = PBXFileReference; lastKnownFileType = sourcecode.swift; path = ViewController.swift; sourceTree = "<group>"; };
		04F6355023C6524C00B24356 /* Base */ = {isa = PBXFileReference; lastKnownFileType = file.storyboard; name = Base; path = Base.lproj/Main.storyboard; sourceTree = "<group>"; };
		04F6355223C6524D00B24356 /* Assets.xcassets */ = {isa = PBXFileReference; lastKnownFileType = folder.assetcatalog; path = Assets.xcassets; sourceTree = "<group>"; };
		04F6355523C6524D00B24356 /* Base */ = {isa = PBXFileReference; lastKnownFileType = file.storyboard; name = Base; path = Base.lproj/LaunchScreen.storyboard; sourceTree = "<group>"; };
		04F6355723C6524D00B24356 /* Info.plist */ = {isa = PBXFileReference; lastKnownFileType = text.plist.xml; path = Info.plist; sourceTree = "<group>"; };
		04F6355D23C652A800B24356 /* TouchViewController.swift */ = {isa = PBXFileReference; lastKnownFileType = sourcecode.swift; path = TouchViewController.swift; sourceTree = "<group>"; };
		04F6356023C6533200B24356 /* LocalAuthentication.framework */ = {isa = PBXFileReference; lastKnownFileType = wrapper.framework; name = LocalAuthentication.framework; path = System/Library/Frameworks/LocalAuthentication.framework; sourceTree = SDKROOT; };
/* End PBXFileReference section */

/* Begin PBXFrameworksBuildPhase section */
		04F6354323C6524C00B24356 /* Frameworks */ = {
			isa = PBXFrameworksBuildPhase;
			buildActionMask = 2147483647;
			files = (
				04F6356123C6533200B24356 /* LocalAuthentication.framework in Frameworks */,
			);
			runOnlyForDeploymentPostprocessing = 0;
		};
/* End PBXFrameworksBuildPhase section */

/* Begin PBXGroup section */
		04F6353D23C6524C00B24356 = {
			isa = PBXGroup;
			children = (
				04F6354823C6524C00B24356 /* AuthenticateTouchID.Demo */,
				04F6354723C6524C00B24356 /* Products */,
				04F6355F23C6533200B24356 /* Frameworks */,
			);
			sourceTree = "<group>";
		};
		04F6354723C6524C00B24356 /* Products */ = {
			isa = PBXGroup;
			children = (
				04F6354623C6524C00B24356 /* AuthenticateTouchID.Demo.app */,
			);
			name = Products;
			sourceTree = "<group>";
		};
		04F6354823C6524C00B24356 /* AuthenticateTouchID.Demo */ = {
			isa = PBXGroup;
			children = (
				04F6354923C6524C00B24356 /* AppDelegate.swift */,
				04F6354B23C6524C00B24356 /* SceneDelegate.swift */,
				04F6355D23C652A800B24356 /* TouchViewController.swift */,
				04F6354D23C6524C00B24356 /* ViewController.swift */,
				04F6354F23C6524C00B24356 /* Main.storyboard */,
				04F6355223C6524D00B24356 /* Assets.xcassets */,
				04F6355423C6524D00B24356 /* LaunchScreen.storyboard */,
				04F6355723C6524D00B24356 /* Info.plist */,
			);
			path = AuthenticateTouchID.Demo;
			sourceTree = "<group>";
		};
		04F6355F23C6533200B24356 /* Frameworks */ = {
			isa = PBXGroup;
			children = (
				04F6356023C6533200B24356 /* LocalAuthentication.framework */,
			);
			name = Frameworks;
			sourceTree = "<group>";
		};
/* End PBXGroup section */

/* Begin PBXNativeTarget section */
		04F6354523C6524C00B24356 /* AuthenticateTouchID.Demo */ = {
			isa = PBXNativeTarget;
			buildConfigurationList = 04F6355A23C6524D00B24356 /* Build configuration list for PBXNativeTarget "AuthenticateTouchID.Demo" */;
			buildPhases = (
				04F6354223C6524C00B24356 /* Sources */,
				04F6354323C6524C00B24356 /* Frameworks */,
				04F6354423C6524C00B24356 /* Resources */,
			);
			buildRules = (
			);
			dependencies = (
			);
			name = AuthenticateTouchID.Demo;
			productName = AuthenticateTouchID.Demo;
			productReference = 04F6354623C6524C00B24356 /* AuthenticateTouchID.Demo.app */;
			productType = "com.apple.product-type.application";
		};
/* End PBXNativeTarget section */

/* Begin PBXProject section */
		04F6353E23C6524C00B24356 /* Project object */ = {
			isa = PBXProject;
			attributes = {
				LastSwiftUpdateCheck = 1120;
				LastUpgradeCheck = 1120;
				ORGANIZATIONNAME = EdJordan;
				TargetAttributes = {
					04F6354523C6524C00B24356 = {
						CreatedOnToolsVersion = 11.2.1;
					};
				};
			};
			buildConfigurationList = 04F6354123C6524C00B24356 /* Build configuration list for PBXProject "AuthenticateTouchID.Demo" */;
			compatibilityVersion = "Xcode 9.3";
			developmentRegion = en;
			hasScannedForEncodings = 0;
			knownRegions = (
				en,
				Base,
			);
			mainGroup = 04F6353D23C6524C00B24356;
			productRefGroup = 04F6354723C6524C00B24356 /* Products */;
			projectDirPath = "";
			projectRoot = "";
			targets = (
				04F6354523C6524C00B24356 /* AuthenticateTouchID.Demo */,
			);
		};
/* End PBXProject section */

/* Begin PBXResourcesBuildPhase section */
		04F6354423C6524C00B24356 /* Resources */ = {
			isa = PBXResourcesBuildPhase;
			buildActionMask = 2147483647;
			files = (
				04F6355623C6524D00B24356 /* LaunchScreen.storyboard in Resources */,
				04F6355323C6524D00B24356 /* Assets.xcassets in Resources */,
				04F6355123C6524C00B24356 /* Main.storyboard in Resources */,
			);
			runOnlyForDeploymentPostprocessing = 0;
		};
/* End PBXResourcesBuildPhase section */

/* Begin PBXSourcesBuildPhase section */
		04F6354223C6524C00B24356 /* Sources */ = {
			isa = PBXSourcesBuildPhase;
			buildActionMask = 2147483647;
			files = (
				04F6354E23C6524C00B24356 /* ViewController.swift in Sources */,
				04F6354A23C6524C00B24356 /* AppDelegate.swift in Sources */,
				04F6355E23C652A800B24356 /* TouchViewController.swift in Sources */,
				04F6354C23C6524C00B24356 /* SceneDelegate.swift in Sources */,
			);
			runOnlyForDeploymentPostprocessing = 0;
		};
/* End PBXSourcesBuildPhase section */

/* Begin PBXVariantGroup section */
		04F6354F23C6524C00B24356 /* Main.storyboard */ = {
			isa = PBXVariantGroup;
			children = (
				04F6355023C6524C00B24356 /* Base */,
			);
			name = Main.storyboard;
			sourceTree = "<group>";
		};
		04F6355423C6524D00B24356 /* LaunchScreen.storyboard */ = {
			isa = PBXVariantGroup;
			children = (
				04F6355523C6524D00B24356 /* Base */,
			);
			name = LaunchScreen.storyboard;
			sourceTree = "<group>";
		};
/* End PBXVariantGroup section */

/* Begin XCBuildConfiguration section */
		04F6355823C6524D00B24356 /* Debug */ = {
			isa = XCBuildConfiguration;
			buildSettings = {
				ALWAYS_SEARCH_USER_PATHS = NO;
				CLANG_ANALYZER_NONNULL = YES;
				CLANG_ANALYZER_NUMBER_OBJECT_CONVERSION = YES_AGGRESSIVE;
				CLANG_CXX_LANGUAGE_STANDARD = "gnu++14";
				CLANG_CXX_LIBRARY = "libc++";
				CLANG_ENABLE_MODULES = YES;
				CLANG_ENABLE_OBJC_ARC = YES;
				CLANG_ENABLE_OBJC_WEAK = YES;
				CLANG_WARN_BLOCK_CAPTURE_AUTORELEASING = YES;
				CLANG_WARN_BOOL_CONVERSION = YES;
				CLANG_WARN_COMMA = YES;
				CLANG_WARN_CONSTANT_CONVERSION = YES;
				CLANG_WARN_DEPRECATED_OBJC_IMPLEMENTATIONS = YES;
				CLANG_WARN_DIRECT_OBJC_ISA_USAGE = YES_ERROR;
				CLANG_WARN_DOCUMENTATION_COMMENTS = YES;
				CLANG_WARN_EMPTY_BODY = YES;
				CLANG_WARN_ENUM_CONVERSION = YES;
				CLANG_WARN_INFINITE_RECURSION = YES;
				CLANG_WARN_INT_CONVERSION = YES;
				CLANG_WARN_NON_LITERAL_NULL_CONVERSION = YES;
				CLANG_WARN_OBJC_IMPLICIT_RETAIN_SELF = YES;
				CLANG_WARN_OBJC_LITERAL_CONVERSION = YES;
				CLANG_WARN_OBJC_ROOT_CLASS = YES_ERROR;
				CLANG_WARN_RANGE_LOOP_ANALYSIS = YES;
				CLANG_WARN_STRICT_PROTOTYPES = YES;
				CLANG_WARN_SUSPICIOUS_MOVE = YES;
				CLANG_WARN_UNGUARDED_AVAILABILITY = YES_AGGRESSIVE;
				CLANG_WARN_UNREACHABLE_CODE = YES;
				CLANG_WARN__DUPLICATE_METHOD_MATCH = YES;
				COPY_PHASE_STRIP = NO;
				DEBUG_INFORMATION_FORMAT = dwarf;
				ENABLE_STRICT_OBJC_MSGSEND = YES;
				ENABLE_TESTABILITY = YES;
				GCC_C_LANGUAGE_STANDARD = gnu11;
				GCC_DYNAMIC_NO_PIC = NO;
				GCC_NO_COMMON_BLOCKS = YES;
				GCC_OPTIMIZATION_LEVEL = 0;
				GCC_PREPROCESSOR_DEFINITIONS = (
					"DEBUG=1",
					"$(inherited)",
				);
				GCC_WARN_64_TO_32_BIT_CONVERSION = YES;
				GCC_WARN_ABOUT_RETURN_TYPE = YES_ERROR;
				GCC_WARN_UNDECLARED_SELECTOR = YES;
				GCC_WARN_UNINITIALIZED_AUTOS = YES_AGGRESSIVE;
				GCC_WARN_UNUSED_FUNCTION = YES;
				GCC_WARN_UNUSED_VARIABLE = YES;
				IPHONEOS_DEPLOYMENT_TARGET = 13.2;
				MTL_ENABLE_DEBUG_INFO = INCLUDE_SOURCE;
				MTL_FAST_MATH = YES;
				ONLY_ACTIVE_ARCH = YES;
				SDKROOT = iphoneos;
				SWIFT_ACTIVE_COMPILATION_CONDITIONS = DEBUG;
				SWIFT_OPTIMIZATION_LEVEL = "-Onone";
			};
			name = Debug;
		};
		04F6355923C6524D00B24356 /* Release */ = {
			isa = XCBuildConfiguration;
			buildSettings = {
				ALWAYS_SEARCH_USER_PATHS = NO;
				CLANG_ANALYZER_NONNULL = YES;
				CLANG_ANALYZER_NUMBER_OBJECT_CONVERSION = YES_AGGRESSIVE;
				CLANG_CXX_LANGUAGE_STANDARD = "gnu++14";
				CLANG_CXX_LIBRARY = "libc++";
				CLANG_ENABLE_MODULES = YES;
				CLANG_ENABLE_OBJC_ARC = YES;
				CLANG_ENABLE_OBJC_WEAK = YES;
				CLANG_WARN_BLOCK_CAPTURE_AUTORELEASING = YES;
				CLANG_WARN_BOOL_CONVERSION = YES;
				CLANG_WARN_COMMA = YES;
				CLANG_WARN_CONSTANT_CONVERSION = YES;
				CLANG_WARN_DEPRECATED_OBJC_IMPLEMENTATIONS = YES;
				CLANG_WARN_DIRECT_OBJC_ISA_USAGE = YES_ERROR;
				CLANG_WARN_DOCUMENTATION_COMMENTS = YES;
				CLANG_WARN_EMPTY_BODY = YES;
				CLANG_WARN_ENUM_CONVERSION = YES;
				CLANG_WARN_INFINITE_RECURSION = YES;
				CLANG_WARN_INT_CONVERSION = YES;
				CLANG_WARN_NON_LITERAL_NULL_CONVERSION = YES;
				CLANG_WARN_OBJC_IMPLICIT_RETAIN_SELF = YES;
				CLANG_WARN_OBJC_LITERAL_CONVERSION = YES;
				CLANG_WARN_OBJC_ROOT_CLASS = YES_ERROR;
				CLANG_WARN_RANGE_LOOP_ANALYSIS = YES;
				CLANG_WARN_STRICT_PROTOTYPES = YES;
				CLANG_WARN_SUSPICIOUS_MOVE = YES;
				CLANG_WARN_UNGUARDED_AVAILABILITY = YES_AGGRESSIVE;
				CLANG_WARN_UNREACHABLE_CODE = YES;
				CLANG_WARN__DUPLICATE_METHOD_MATCH = YES;
				COPY_PHASE_STRIP = NO;
				DEBUG_INFORMATION_FORMAT = "dwarf-with-dsym";
				ENABLE_NS_ASSERTIONS = NO;
				ENABLE_STRICT_OBJC_MSGSEND = YES;
				GCC_C_LANGUAGE_STANDARD = gnu11;
				GCC_NO_COMMON_BLOCKS = YES;
				GCC_WARN_64_TO_32_BIT_CONVERSION = YES;
				GCC_WARN_ABOUT_RETURN_TYPE = YES_ERROR;
				GCC_WARN_UNDECLARED_SELECTOR = YES;
				GCC_WARN_UNINITIALIZED_AUTOS = YES_AGGRESSIVE;
				GCC_WARN_UNUSED_FUNCTION = YES;
				GCC_WARN_UNUSED_VARIABLE = YES;
				IPHONEOS_DEPLOYMENT_TARGET = 13.2;
				MTL_ENABLE_DEBUG_INFO = NO;
				MTL_FAST_MATH = YES;
				SDKROOT = iphoneos;
				SWIFT_COMPILATION_MODE = wholemodule;
				SWIFT_OPTIMIZATION_LEVEL = "-O";
				VALIDATE_PRODUCT = YES;
			};
			name = Release;
		};
		04F6355B23C6524D00B24356 /* Debug */ = {
			isa = XCBuildConfiguration;
			buildSettings = {
				ASSETCATALOG_COMPILER_APPICON_NAME = AppIcon;
				CODE_SIGN_STYLE = Automatic;
				DEVELOPMENT_TEAM = QSL65SU6PD;
				INFOPLIST_FILE = AuthenticateTouchID.Demo/Info.plist;
				LD_RUNPATH_SEARCH_PATHS = (
					"$(inherited)",
					"@executable_path/Frameworks",
				);
				PRODUCT_BUNDLE_IDENTIFIER = "EduardoJordan.com.AuthenticateTouchID-Demo";
				PRODUCT_NAME = "$(TARGET_NAME)";
				SWIFT_VERSION = 5.0;
				TARGETED_DEVICE_FAMILY = "1,2";
			};
			name = Debug;
		};
		04F6355C23C6524D00B24356 /* Release */ = {
			isa = XCBuildConfiguration;
			buildSettings = {
				ASSETCATALOG_COMPILER_APPICON_NAME = AppIcon;
				CODE_SIGN_STYLE = Automatic;
				DEVELOPMENT_TEAM = QSL65SU6PD;
				INFOPLIST_FILE = AuthenticateTouchID.Demo/Info.plist;
				LD_RUNPATH_SEARCH_PATHS = (
					"$(inherited)",
					"@executable_path/Frameworks",
				);
				PRODUCT_BUNDLE_IDENTIFIER = "EduardoJordan.com.AuthenticateTouchID-Demo";
				PRODUCT_NAME = "$(TARGET_NAME)";
				SWIFT_VERSION = 5.0;
				TARGETED_DEVICE_FAMILY = "1,2";
			};
			name = Release;
		};
/* End XCBuildConfiguration section */

/* Begin XCConfigurationList section */
		04F6354123C6524C00B24356 /* Build configuration list for PBXProject "AuthenticateTouchID.Demo" */ = {
			isa = XCConfigurationList;
			buildConfigurations = (
				04F6355823C6524D00B24356 /* Debug */,
				04F6355923C6524D00B24356 /* Release */,
			);
			defaultConfigurationIsVisible = 0;
			defaultConfigurationName = Release;
		};
		04F6355A23C6524D00B24356 /* Build configuration list for PBXNativeTarget "AuthenticateTouchID.Demo" */ = {
			isa = XCConfigurationList;
			buildConfigurations = (
				04F6355B23C6524D00B24356 /* Debug */,
				04F6355C23C6524D00B24356 /* Release */,
			);
			defaultConfigurationIsVisible = 0;
			defaultConfigurationName = Release;
		};
/* End XCConfigurationList section */
	};
	rootObject = 04F6353E23C6524C00B24356 /* Project object */;
}
